// !$*UTF8*$!
{
	archiveVersion = 1;
	classes = {
	};
	objectVersion = 56;
	objects = {

/* Begin PBXBuildFile section */
		380EDAF9883F424C62DE29AD /* Pods_FunLife.framework in Frameworks */ = {isa = PBXBuildFile; fileRef = 7BCCA8D4B64403E9F0F5DEA4 /* Pods_FunLife.framework */; };
		B34CE9EC2A79473100F68C7D /* AppDelegate.swift in Sources */ = {isa = PBXBuildFile; fileRef = B34CE9EB2A79473100F68C7D /* AppDelegate.swift */; };
		B34CE9EE2A79473100F68C7D /* SceneDelegate.swift in Sources */ = {isa = PBXBuildFile; fileRef = B34CE9ED2A79473100F68C7D /* SceneDelegate.swift */; };
		B34CE9F32A79473100F68C7D /* Main.storyboard in Resources */ = {isa = PBXBuildFile; fileRef = B34CE9F12A79473100F68C7D /* Main.storyboard */; };
		B34CE9F52A79473300F68C7D /* Assets.xcassets in Resources */ = {isa = PBXBuildFile; fileRef = B34CE9F42A79473300F68C7D /* Assets.xcassets */; };
		B34CE9F82A79473300F68C7D /* LaunchScreen.storyboard in Resources */ = {isa = PBXBuildFile; fileRef = B34CE9F62A79473300F68C7D /* LaunchScreen.storyboard */; };
		B34CEA032A79473300F68C7D /* FunLifeTests.swift in Sources */ = {isa = PBXBuildFile; fileRef = B34CEA022A79473300F68C7D /* FunLifeTests.swift */; };
		B34CEA0D2A79473300F68C7D /* FunLifeUITests.swift in Sources */ = {isa = PBXBuildFile; fileRef = B34CEA0C2A79473300F68C7D /* FunLifeUITests.swift */; };
		B34CEA0F2A79473300F68C7D /* FunLifeUITestsLaunchTests.swift in Sources */ = {isa = PBXBuildFile; fileRef = B34CEA0E2A79473300F68C7D /* FunLifeUITestsLaunchTests.swift */; };
		B3EC5EC72A79E4B600B640BF /* FLMainNavigationController.swift in Sources */ = {isa = PBXBuildFile; fileRef = B3EC5EC32A79E4B500B640BF /* FLMainNavigationController.swift */; };
		B3EC5EC82A79E4B600B640BF /* FLMainTabBarController.swift in Sources */ = {isa = PBXBuildFile; fileRef = B3EC5EC42A79E4B500B640BF /* FLMainTabBarController.swift */; };
		B3EC5EC92A79E4B600B640BF /* FLBaseViewController.swift in Sources */ = {isa = PBXBuildFile; fileRef = B3EC5EC52A79E4B500B640BF /* FLBaseViewController.swift */; };
		B3EC5ECA2A79E4B600B640BF /* FLRootViewController.swift in Sources */ = {isa = PBXBuildFile; fileRef = B3EC5EC62A79E4B500B640BF /* FLRootViewController.swift */; };
		B3EC5ED12A79E9AD00B640BF /* FLHome.storyboard in Resources */ = {isa = PBXBuildFile; fileRef = B3EC5ED02A79E9AD00B640BF /* FLHome.storyboard */; };
		B3EC5ED62A79EA4200B640BF /* FLHomeViewController.swift in Sources */ = {isa = PBXBuildFile; fileRef = B3EC5ED52A79EA4100B640BF /* FLHomeViewController.swift */; };
		B3EC5EDB2A79EB1500B640BF /* FLTools.storyboard in Resources */ = {isa = PBXBuildFile; fileRef = B3EC5EDA2A79EB1500B640BF /* FLTools.storyboard */; };
		B3EC5EDD2A79EB3300B640BF /* FLToolsMainViewController.swift in Sources */ = {isa = PBXBuildFile; fileRef = B3EC5EDC2A79EB3300B640BF /* FLToolsMainViewController.swift */; };
		B3EC5EDF2A79FC7A00B640BF /* FLHomeListCell.swift in Sources */ = {isa = PBXBuildFile; fileRef = B3EC5EDE2A79FC7A00B640BF /* FLHomeListCell.swift */; };
		B3EC5EE12A7A02DF00B640BF /* FLHomeDataManager.swift in Sources */ = {isa = PBXBuildFile; fileRef = B3EC5EE02A7A02DF00B640BF /* FLHomeDataManager.swift */; };
/* End PBXBuildFile section */

/* Begin PBXContainerItemProxy section */
		B34CE9FF2A79473300F68C7D /* PBXContainerItemProxy */ = {
			isa = PBXContainerItemProxy;
			containerPortal = B34CE9E02A79473100F68C7D /* Project object */;
			proxyType = 1;
			remoteGlobalIDString = B34CE9E72A79473100F68C7D;
			remoteInfo = FunLife;
		};
		B34CEA092A79473300F68C7D /* PBXContainerItemProxy */ = {
			isa = PBXContainerItemProxy;
			containerPortal = B34CE9E02A79473100F68C7D /* Project object */;
			proxyType = 1;
			remoteGlobalIDString = B34CE9E72A79473100F68C7D;
			remoteInfo = FunLife;
		};
/* End PBXContainerItemProxy section */

/* Begin PBXFileReference section */
		15A97C8AC514291B07F16C4C /* Pods-FunLife.release.xcconfig */ = {isa = PBXFileReference; includeInIndex = 1; lastKnownFileType = text.xcconfig; name = "Pods-FunLife.release.xcconfig"; path = "Target Support Files/Pods-FunLife/Pods-FunLife.release.xcconfig"; sourceTree = "<group>"; };
		5614178C99DD99BA6CE3F59F /* Pods-FunLife.debug.xcconfig */ = {isa = PBXFileReference; includeInIndex = 1; lastKnownFileType = text.xcconfig; name = "Pods-FunLife.debug.xcconfig"; path = "Target Support Files/Pods-FunLife/Pods-FunLife.debug.xcconfig"; sourceTree = "<group>"; };
		7BCCA8D4B64403E9F0F5DEA4 /* Pods_FunLife.framework */ = {isa = PBXFileReference; explicitFileType = wrapper.framework; includeInIndex = 0; path = Pods_FunLife.framework; sourceTree = BUILT_PRODUCTS_DIR; };
		B34CE9E82A79473100F68C7D /* FunLife.app */ = {isa = PBXFileReference; explicitFileType = wrapper.application; includeInIndex = 0; path = FunLife.app; sourceTree = BUILT_PRODUCTS_DIR; };
		B34CE9EB2A79473100F68C7D /* AppDelegate.swift */ = {isa = PBXFileReference; lastKnownFileType = sourcecode.swift; path = AppDelegate.swift; sourceTree = "<group>"; };
		B34CE9ED2A79473100F68C7D /* SceneDelegate.swift */ = {isa = PBXFileReference; lastKnownFileType = sourcecode.swift; path = SceneDelegate.swift; sourceTree = "<group>"; };
		B34CE9F22A79473100F68C7D /* Base */ = {isa = PBXFileReference; lastKnownFileType = file.storyboard; name = Base; path = Base.lproj/Main.storyboard; sourceTree = "<group>"; };
		B34CE9F42A79473300F68C7D /* Assets.xcassets */ = {isa = PBXFileReference; lastKnownFileType = folder.assetcatalog; path = Assets.xcassets; sourceTree = "<group>"; };
		B34CE9F72A79473300F68C7D /* Base */ = {isa = PBXFileReference; lastKnownFileType = file.storyboard; name = Base; path = Base.lproj/LaunchScreen.storyboard; sourceTree = "<group>"; };
		B34CE9F92A79473300F68C7D /* Info.plist */ = {isa = PBXFileReference; lastKnownFileType = text.plist.xml; path = Info.plist; sourceTree = "<group>"; };
		B34CE9FE2A79473300F68C7D /* FunLifeTests.xctest */ = {isa = PBXFileReference; explicitFileType = wrapper.cfbundle; includeInIndex = 0; path = FunLifeTests.xctest; sourceTree = BUILT_PRODUCTS_DIR; };
		B34CEA022A79473300F68C7D /* FunLifeTests.swift */ = {isa = PBXFileReference; lastKnownFileType = sourcecode.swift; path = FunLifeTests.swift; sourceTree = "<group>"; };
		B34CEA082A79473300F68C7D /* FunLifeUITests.xctest */ = {isa = PBXFileReference; explicitFileType = wrapper.cfbundle; includeInIndex = 0; path = FunLifeUITests.xctest; sourceTree = BUILT_PRODUCTS_DIR; };
		B34CEA0C2A79473300F68C7D /* FunLifeUITests.swift */ = {isa = PBXFileReference; lastKnownFileType = sourcecode.swift; path = FunLifeUITests.swift; sourceTree = "<group>"; };
		B34CEA0E2A79473300F68C7D /* FunLifeUITestsLaunchTests.swift */ = {isa = PBXFileReference; lastKnownFileType = sourcecode.swift; path = FunLifeUITestsLaunchTests.swift; sourceTree = "<group>"; };
		B3EC5EC32A79E4B500B640BF /* FLMainNavigationController.swift */ = {isa = PBXFileReference; fileEncoding = 4; lastKnownFileType = sourcecode.swift; path = FLMainNavigationController.swift; sourceTree = "<group>"; };
		B3EC5EC42A79E4B500B640BF /* FLMainTabBarController.swift */ = {isa = PBXFileReference; fileEncoding = 4; lastKnownFileType = sourcecode.swift; path = FLMainTabBarController.swift; sourceTree = "<group>"; };
		B3EC5EC52A79E4B500B640BF /* FLBaseViewController.swift */ = {isa = PBXFileReference; fileEncoding = 4; lastKnownFileType = sourcecode.swift; path = FLBaseViewController.swift; sourceTree = "<group>"; };
		B3EC5EC62A79E4B500B640BF /* FLRootViewController.swift */ = {isa = PBXFileReference; fileEncoding = 4; lastKnownFileType = sourcecode.swift; path = FLRootViewController.swift; sourceTree = "<group>"; };
		B3EC5ED02A79E9AD00B640BF /* FLHome.storyboard */ = {isa = PBXFileReference; lastKnownFileType = file.storyboard; path = FLHome.storyboard; sourceTree = "<group>"; };
		B3EC5ED52A79EA4100B640BF /* FLHomeViewController.swift */ = {isa = PBXFileReference; lastKnownFileType = sourcecode.swift; path = FLHomeViewController.swift; sourceTree = "<group>"; };
		B3EC5EDA2A79EB1500B640BF /* FLTools.storyboard */ = {isa = PBXFileReference; lastKnownFileType = file.storyboard; path = FLTools.storyboard; sourceTree = "<group>"; };
		B3EC5EDC2A79EB3300B640BF /* FLToolsMainViewController.swift */ = {isa = PBXFileReference; lastKnownFileType = sourcecode.swift; path = FLToolsMainViewController.swift; sourceTree = "<group>"; };
		B3EC5EDE2A79FC7A00B640BF /* FLHomeListCell.swift */ = {isa = PBXFileReference; lastKnownFileType = sourcecode.swift; path = FLHomeListCell.swift; sourceTree = "<group>"; };
		B3EC5EE02A7A02DF00B640BF /* FLHomeDataManager.swift */ = {isa = PBXFileReference; lastKnownFileType = sourcecode.swift; path = FLHomeDataManager.swift; sourceTree = "<group>"; };
/* End PBXFileReference section */

/* Begin PBXFrameworksBuildPhase section */
		B34CE9E52A79473100F68C7D /* Frameworks */ = {
			isa = PBXFrameworksBuildPhase;
			buildActionMask = 2147483647;
			files = (
				380EDAF9883F424C62DE29AD /* Pods_FunLife.framework in Frameworks */,
			);
			runOnlyForDeploymentPostprocessing = 0;
		};
		B34CE9FB2A79473300F68C7D /* Frameworks */ = {
			isa = PBXFrameworksBuildPhase;
			buildActionMask = 2147483647;
			files = (
			);
			runOnlyForDeploymentPostprocessing = 0;
		};
		B34CEA052A79473300F68C7D /* Frameworks */ = {
			isa = PBXFrameworksBuildPhase;
			buildActionMask = 2147483647;
			files = (
			);
			runOnlyForDeploymentPostprocessing = 0;
		};
/* End PBXFrameworksBuildPhase section */

/* Begin PBXGroup section */
		768C0497F76EFF14CCEFFE01 /* Frameworks */ = {
			isa = PBXGroup;
			children = (
				7BCCA8D4B64403E9F0F5DEA4 /* Pods_FunLife.framework */,
			);
			name = Frameworks;
			sourceTree = "<group>";
		};
		B34CE9DF2A79473100F68C7D = {
			isa = PBXGroup;
			children = (
				B34CE9EA2A79473100F68C7D /* FunLife */,
				B34CEA012A79473300F68C7D /* FunLifeTests */,
				B34CEA0B2A79473300F68C7D /* FunLifeUITests */,
				B34CE9E92A79473100F68C7D /* Products */,
				E47E23AE00E0C0F32EA3A491 /* Pods */,
				768C0497F76EFF14CCEFFE01 /* Frameworks */,
			);
			sourceTree = "<group>";
		};
		B34CE9E92A79473100F68C7D /* Products */ = {
			isa = PBXGroup;
			children = (
				B34CE9E82A79473100F68C7D /* FunLife.app */,
				B34CE9FE2A79473300F68C7D /* FunLifeTests.xctest */,
				B34CEA082A79473300F68C7D /* FunLifeUITests.xctest */,
			);
			name = Products;
			sourceTree = "<group>";
		};
		B34CE9EA2A79473100F68C7D /* FunLife */ = {
			isa = PBXGroup;
			children = (
				B3EC5ECB2A79E5B100B640BF /* Delegate */,
				B3EC5EC22A79E4B500B640BF /* BaseSource */,
				B3EC5ECD2A79E91D00B640BF /* Modules */,
				B3EC5ECC2A79E5D600B640BF /* SupportingFiles */,
			);
			path = FunLife;
			sourceTree = "<group>";
		};
		B34CEA012A79473300F68C7D /* FunLifeTests */ = {
			isa = PBXGroup;
			children = (
				B34CEA022A79473300F68C7D /* FunLifeTests.swift */,
			);
			path = FunLifeTests;
			sourceTree = "<group>";
		};
		B34CEA0B2A79473300F68C7D /* FunLifeUITests */ = {
			isa = PBXGroup;
			children = (
				B34CEA0C2A79473300F68C7D /* FunLifeUITests.swift */,
				B34CEA0E2A79473300F68C7D /* FunLifeUITestsLaunchTests.swift */,
			);
			path = FunLifeUITests;
			sourceTree = "<group>";
		};
		B3EC5EC22A79E4B500B640BF /* BaseSource */ = {
			isa = PBXGroup;
			children = (
				B3EC5EC62A79E4B500B640BF /* FLRootViewController.swift */,
				B3EC5EC32A79E4B500B640BF /* FLMainNavigationController.swift */,
				B3EC5EC42A79E4B500B640BF /* FLMainTabBarController.swift */,
				B3EC5EC52A79E4B500B640BF /* FLBaseViewController.swift */,
			);
			path = BaseSource;
			sourceTree = "<group>";
		};
		B3EC5ECB2A79E5B100B640BF /* Delegate */ = {
			isa = PBXGroup;
			children = (
				B34CE9EB2A79473100F68C7D /* AppDelegate.swift */,
				B34CE9ED2A79473100F68C7D /* SceneDelegate.swift */,
			);
			path = Delegate;
			sourceTree = "<group>";
		};
		B3EC5ECC2A79E5D600B640BF /* SupportingFiles */ = {
			isa = PBXGroup;
			children = (
				B34CE9F12A79473100F68C7D /* Main.storyboard */,
				B34CE9F42A79473300F68C7D /* Assets.xcassets */,
				B34CE9F62A79473300F68C7D /* LaunchScreen.storyboard */,
				B34CE9F92A79473300F68C7D /* Info.plist */,
			);
			name = SupportingFiles;
			sourceTree = "<group>";
		};
		B3EC5ECD2A79E91D00B640BF /* Modules */ = {
			isa = PBXGroup;
			children = (
				B3EC5ECE2A79E98100B640BF /* Home */,
				B3EC5ECF2A79E98C00B640BF /* Tools */,
			);
			path = Modules;
			sourceTree = "<group>";
		};
		B3EC5ECE2A79E98100B640BF /* Home */ = {
			isa = PBXGroup;
			children = (
				B3EC5ED02A79E9AD00B640BF /* FLHome.storyboard */,
				B3EC5ED42A79E9C900B640BF /* Model */,
				B3EC5ED32A79E9BE00B640BF /* View */,
				B3EC5ED22A79E9B100B640BF /* ViewController */,
			);
			path = Home;
			sourceTree = "<group>";
		};
		B3EC5ECF2A79E98C00B640BF /* Tools */ = {
			isa = PBXGroup;
			children = (
				B3EC5EDA2A79EB1500B640BF /* FLTools.storyboard */,
				B3EC5ED92A79EAA700B640BF /* Model */,
				B3EC5ED82A79EAA200B640BF /* View */,
				B3EC5ED72A79EA9800B640BF /* ViewController */,
			);
			path = Tools;
			sourceTree = "<group>";
		};
		B3EC5ED22A79E9B100B640BF /* ViewController */ = {
			isa = PBXGroup;
			children = (
				B3EC5ED52A79EA4100B640BF /* FLHomeViewController.swift */,
			);
			path = ViewController;
			sourceTree = "<group>";
		};
		B3EC5ED32A79E9BE00B640BF /* View */ = {
			isa = PBXGroup;
			children = (
				B3EC5EDE2A79FC7A00B640BF /* FLHomeListCell.swift */,
			);
			path = View;
			sourceTree = "<group>";
		};
		B3EC5ED42A79E9C900B640BF /* Model */ = {
			isa = PBXGroup;
			children = (
				B3EC5EE02A7A02DF00B640BF /* FLHomeDataManager.swift */,
			);
			path = Model;
			sourceTree = "<group>";
		};
		B3EC5ED72A79EA9800B640BF /* ViewController */ = {
			isa = PBXGroup;
			children = (
				B3EC5EDC2A79EB3300B640BF /* FLToolsMainViewController.swift */,
			);
			path = ViewController;
			sourceTree = "<group>";
		};
		B3EC5ED82A79EAA200B640BF /* View */ = {
			isa = PBXGroup;
			children = (
			);
			path = View;
			sourceTree = "<group>";
		};
		B3EC5ED92A79EAA700B640BF /* Model */ = {
			isa = PBXGroup;
			children = (
			);
			path = Model;
			sourceTree = "<group>";
		};
		E47E23AE00E0C0F32EA3A491 /* Pods */ = {
			isa = PBXGroup;
			children = (
				5614178C99DD99BA6CE3F59F /* Pods-FunLife.debug.xcconfig */,
				15A97C8AC514291B07F16C4C /* Pods-FunLife.release.xcconfig */,
			);
			path = Pods;
			sourceTree = "<group>";
		};
/* End PBXGroup section */

/* Begin PBXNativeTarget section */
		B34CE9E72A79473100F68C7D /* FunLife */ = {
			isa = PBXNativeTarget;
			buildConfigurationList = B34CEA122A79473300F68C7D /* Build configuration list for PBXNativeTarget "FunLife" */;
			buildPhases = (
				C2C09B8E33D81F82D4299526 /* [CP] Check Pods Manifest.lock */,
				B34CE9E42A79473100F68C7D /* Sources */,
				B34CE9E52A79473100F68C7D /* Frameworks */,
				B34CE9E62A79473100F68C7D /* Resources */,
				DE97A1E033AA7A678DC256B9 /* [CP] Embed Pods Frameworks */,
			);
			buildRules = (
			);
			dependencies = (
			);
			name = FunLife;
			productName = FunLife;
			productReference = B34CE9E82A79473100F68C7D /* FunLife.app */;
			productType = "com.apple.product-type.application";
		};
		B34CE9FD2A79473300F68C7D /* FunLifeTests */ = {
			isa = PBXNativeTarget;
			buildConfigurationList = B34CEA152A79473300F68C7D /* Build configuration list for PBXNativeTarget "FunLifeTests" */;
			buildPhases = (
				B34CE9FA2A79473300F68C7D /* Sources */,
				B34CE9FB2A79473300F68C7D /* Frameworks */,
				B34CE9FC2A79473300F68C7D /* Resources */,
			);
			buildRules = (
			);
			dependencies = (
				B34CEA002A79473300F68C7D /* PBXTargetDependency */,
			);
			name = FunLifeTests;
			productName = FunLifeTests;
			productReference = B34CE9FE2A79473300F68C7D /* FunLifeTests.xctest */;
			productType = "com.apple.product-type.bundle.unit-test";
		};
		B34CEA072A79473300F68C7D /* FunLifeUITests */ = {
			isa = PBXNativeTarget;
			buildConfigurationList = B34CEA182A79473300F68C7D /* Build configuration list for PBXNativeTarget "FunLifeUITests" */;
			buildPhases = (
				B34CEA042A79473300F68C7D /* Sources */,
				B34CEA052A79473300F68C7D /* Frameworks */,
				B34CEA062A79473300F68C7D /* Resources */,
			);
			buildRules = (
			);
			dependencies = (
				B34CEA0A2A79473300F68C7D /* PBXTargetDependency */,
			);
			name = FunLifeUITests;
			productName = FunLifeUITests;
			productReference = B34CEA082A79473300F68C7D /* FunLifeUITests.xctest */;
			productType = "com.apple.product-type.bundle.ui-testing";
		};
/* End PBXNativeTarget section */

/* Begin PBXProject section */
		B34CE9E02A79473100F68C7D /* Project object */ = {
			isa = PBXProject;
			attributes = {
				BuildIndependentTargetsInParallel = 1;
				CLASSPREFIX = FL;
				LastSwiftUpdateCheck = 1430;
				LastUpgradeCheck = 1430;
				ORGANIZATIONNAME = china;
				TargetAttributes = {
					B34CE9E72A79473100F68C7D = {
						CreatedOnToolsVersion = 14.3.1;
					};
					B34CE9FD2A79473300F68C7D = {
						CreatedOnToolsVersion = 14.3.1;
						TestTargetID = B34CE9E72A79473100F68C7D;
					};
					B34CEA072A79473300F68C7D = {
						CreatedOnToolsVersion = 14.3.1;
						TestTargetID = B34CE9E72A79473100F68C7D;
					};
				};
			};
			buildConfigurationList = B34CE9E32A79473100F68C7D /* Build configuration list for PBXProject "FunLife" */;
			compatibilityVersion = "Xcode 14.0";
			developmentRegion = en;
			hasScannedForEncodings = 0;
			knownRegions = (
				en,
				Base,
			);
			mainGroup = B34CE9DF2A79473100F68C7D;
			productRefGroup = B34CE9E92A79473100F68C7D /* Products */;
			projectDirPath = "";
			projectRoot = "";
			targets = (
				B34CE9E72A79473100F68C7D /* FunLife */,
				B34CE9FD2A79473300F68C7D /* FunLifeTests */,
				B34CEA072A79473300F68C7D /* FunLifeUITests */,
			);
		};
/* End PBXProject section */

/* Begin PBXResourcesBuildPhase section */
		B34CE9E62A79473100F68C7D /* Resources */ = {
			isa = PBXResourcesBuildPhase;
			buildActionMask = 2147483647;
			files = (
				B34CE9F82A79473300F68C7D /* LaunchScreen.storyboard in Resources */,
				B34CE9F52A79473300F68C7D /* Assets.xcassets in Resources */,
				B34CE9F32A79473100F68C7D /* Main.storyboard in Resources */,
				B3EC5ED12A79E9AD00B640BF /* FLHome.storyboard in Resources */,
				B3EC5EDB2A79EB1500B640BF /* FLTools.storyboard in Resources */,
			);
			runOnlyForDeploymentPostprocessing = 0;
		};
		B34CE9FC2A79473300F68C7D /* Resources */ = {
			isa = PBXResourcesBuildPhase;
			buildActionMask = 2147483647;
			files = (
			);
			runOnlyForDeploymentPostprocessing = 0;
		};
		B34CEA062A79473300F68C7D /* Resources */ = {
			isa = PBXResourcesBuildPhase;
			buildActionMask = 2147483647;
			files = (
			);
			runOnlyForDeploymentPostprocessing = 0;
		};
/* End PBXResourcesBuildPhase section */

/* Begin PBXShellScriptBuildPhase section */
		C2C09B8E33D81F82D4299526 /* [CP] Check Pods Manifest.lock */ = {
			isa = PBXShellScriptBuildPhase;
			buildActionMask = 2147483647;
			files = (
			);
			inputFileListPaths = (
			);
			inputPaths = (
				"${PODS_PODFILE_DIR_PATH}/Podfile.lock",
				"${PODS_ROOT}/Manifest.lock",
			);
			name = "[CP] Check Pods Manifest.lock";
			outputFileListPaths = (
			);
			outputPaths = (
				"$(DERIVED_FILE_DIR)/Pods-FunLife-checkManifestLockResult.txt",
			);
			runOnlyForDeploymentPostprocessing = 0;
			shellPath = /bin/sh;
			shellScript = "diff \"${PODS_PODFILE_DIR_PATH}/Podfile.lock\" \"${PODS_ROOT}/Manifest.lock\" > /dev/null\nif [ $? != 0 ] ; then\n    # print error to STDERR\n    echo \"error: The sandbox is not in sync with the Podfile.lock. Run 'pod install' or update your CocoaPods installation.\" >&2\n    exit 1\nfi\n# This output is used by Xcode 'outputs' to avoid re-running this script phase.\necho \"SUCCESS\" > \"${SCRIPT_OUTPUT_FILE_0}\"\n";
			showEnvVarsInLog = 0;
		};
		DE97A1E033AA7A678DC256B9 /* [CP] Embed Pods Frameworks */ = {
			isa = PBXShellScriptBuildPhase;
			buildActionMask = 2147483647;
			files = (
			);
			inputFileListPaths = (
				"${PODS_ROOT}/Target Support Files/Pods-FunLife/Pods-FunLife-frameworks-${CONFIGURATION}-input-files.xcfilelist",
			);
			name = "[CP] Embed Pods Frameworks";
			outputFileListPaths = (
				"${PODS_ROOT}/Target Support Files/Pods-FunLife/Pods-FunLife-frameworks-${CONFIGURATION}-output-files.xcfilelist",
			);
			runOnlyForDeploymentPostprocessing = 0;
			shellPath = /bin/sh;
			shellScript = "\"${PODS_ROOT}/Target Support Files/Pods-FunLife/Pods-FunLife-frameworks.sh\"\n";
			showEnvVarsInLog = 0;
		};
/* End PBXShellScriptBuildPhase section */

/* Begin PBXSourcesBuildPhase section */
		B34CE9E42A79473100F68C7D /* Sources */ = {
			isa = PBXSourcesBuildPhase;
			buildActionMask = 2147483647;
			files = (
				B3EC5ED62A79EA4200B640BF /* FLHomeViewController.swift in Sources */,
				B3EC5EDD2A79EB3300B640BF /* FLToolsMainViewController.swift in Sources */,
				B3EC5ECA2A79E4B600B640BF /* FLRootViewController.swift in Sources */,
				B3EC5EC82A79E4B600B640BF /* FLMainTabBarController.swift in Sources */,
				B3EC5EC92A79E4B600B640BF /* FLBaseViewController.swift in Sources */,
				B3EC5EDF2A79FC7A00B640BF /* FLHomeListCell.swift in Sources */,
				B3EC5EC72A79E4B600B640BF /* FLMainNavigationController.swift in Sources */,
				B34CE9EC2A79473100F68C7D /* AppDelegate.swift in Sources */,
				B3EC5EE12A7A02DF00B640BF /* FLHomeDataManager.swift in Sources */,
				B34CE9EE2A79473100F68C7D /* SceneDelegate.swift in Sources */,
			);
			runOnlyForDeploymentPostprocessing = 0;
		};
		B34CE9FA2A79473300F68C7D /* Sources */ = {
			isa = PBXSourcesBuildPhase;
			buildActionMask = 2147483647;
			files = (
				B34CEA032A79473300F68C7D /* FunLifeTests.swift in Sources */,
			);
			runOnlyForDeploymentPostprocessing = 0;
		};
		B34CEA042A79473300F68C7D /* Sources */ = {
			isa = PBXSourcesBuildPhase;
			buildActionMask = 2147483647;
			files = (
				B34CEA0F2A79473300F68C7D /* FunLifeUITestsLaunchTests.swift in Sources */,
				B34CEA0D2A79473300F68C7D /* FunLifeUITests.swift in Sources */,
			);
			runOnlyForDeploymentPostprocessing = 0;
		};
/* End PBXSourcesBuildPhase section */

/* Begin PBXTargetDependency section */
		B34CEA002A79473300F68C7D /* PBXTargetDependency */ = {
			isa = PBXTargetDependency;
			target = B34CE9E72A79473100F68C7D /* FunLife */;
			targetProxy = B34CE9FF2A79473300F68C7D /* PBXContainerItemProxy */;
		};
		B34CEA0A2A79473300F68C7D /* PBXTargetDependency */ = {
			isa = PBXTargetDependency;
			target = B34CE9E72A79473100F68C7D /* FunLife */;
			targetProxy = B34CEA092A79473300F68C7D /* PBXContainerItemProxy */;
		};
/* End PBXTargetDependency section */

/* Begin PBXVariantGroup section */
		B34CE9F12A79473100F68C7D /* Main.storyboard */ = {
			isa = PBXVariantGroup;
			children = (
				B34CE9F22A79473100F68C7D /* Base */,
			);
			name = Main.storyboard;
			sourceTree = "<group>";
		};
		B34CE9F62A79473300F68C7D /* LaunchScreen.storyboard */ = {
			isa = PBXVariantGroup;
			children = (
				B34CE9F72A79473300F68C7D /* Base */,
			);
			name = LaunchScreen.storyboard;
			sourceTree = "<group>";
		};
/* End PBXVariantGroup section */

/* Begin XCBuildConfiguration section */
		B34CEA102A79473300F68C7D /* Debug */ = {
			isa = XCBuildConfiguration;
			buildSettings = {
				ALWAYS_SEARCH_USER_PATHS = NO;
				CLANG_ANALYZER_NONNULL = YES;
				CLANG_ANALYZER_NUMBER_OBJECT_CONVERSION = YES_AGGRESSIVE;
				CLANG_CXX_LANGUAGE_STANDARD = "gnu++20";
				CLANG_ENABLE_MODULES = YES;
				CLANG_ENABLE_OBJC_ARC = YES;
				CLANG_ENABLE_OBJC_WEAK = YES;
				CLANG_WARN_BLOCK_CAPTURE_AUTORELEASING = YES;
				CLANG_WARN_BOOL_CONVERSION = YES;
				CLANG_WARN_COMMA = YES;
				CLANG_WARN_CONSTANT_CONVERSION = YES;
				CLANG_WARN_DEPRECATED_OBJC_IMPLEMENTATIONS = YES;
				CLANG_WARN_DIRECT_OBJC_ISA_USAGE = YES_ERROR;
				CLANG_WARN_DOCUMENTATION_COMMENTS = YES;
				CLANG_WARN_EMPTY_BODY = YES;
				CLANG_WARN_ENUM_CONVERSION = YES;
				CLANG_WARN_INFINITE_RECURSION = YES;
				CLANG_WARN_INT_CONVERSION = YES;
				CLANG_WARN_NON_LITERAL_NULL_CONVERSION = YES;
				CLANG_WARN_OBJC_IMPLICIT_RETAIN_SELF = YES;
				CLANG_WARN_OBJC_LITERAL_CONVERSION = YES;
				CLANG_WARN_OBJC_ROOT_CLASS = YES_ERROR;
				CLANG_WARN_QUOTED_INCLUDE_IN_FRAMEWORK_HEADER = YES;
				CLANG_WARN_RANGE_LOOP_ANALYSIS = YES;
				CLANG_WARN_STRICT_PROTOTYPES = YES;
				CLANG_WARN_SUSPICIOUS_MOVE = YES;
				CLANG_WARN_UNGUARDED_AVAILABILITY = YES_AGGRESSIVE;
				CLANG_WARN_UNREACHABLE_CODE = YES;
				CLANG_WARN__DUPLICATE_METHOD_MATCH = YES;
				COPY_PHASE_STRIP = NO;
				DEBUG_INFORMATION_FORMAT = dwarf;
				ENABLE_STRICT_OBJC_MSGSEND = YES;
				ENABLE_TESTABILITY = YES;
				GCC_C_LANGUAGE_STANDARD = gnu11;
				GCC_DYNAMIC_NO_PIC = NO;
				GCC_NO_COMMON_BLOCKS = YES;
				GCC_OPTIMIZATION_LEVEL = 0;
				GCC_PREPROCESSOR_DEFINITIONS = (
					"DEBUG=1",
					"$(inherited)",
				);
				GCC_WARN_64_TO_32_BIT_CONVERSION = YES;
				GCC_WARN_ABOUT_RETURN_TYPE = YES_ERROR;
				GCC_WARN_UNDECLARED_SELECTOR = YES;
				GCC_WARN_UNINITIALIZED_AUTOS = YES_AGGRESSIVE;
				GCC_WARN_UNUSED_FUNCTION = YES;
				GCC_WARN_UNUSED_VARIABLE = YES;
				IPHONEOS_DEPLOYMENT_TARGET = 13.0;
				MTL_ENABLE_DEBUG_INFO = INCLUDE_SOURCE;
				MTL_FAST_MATH = YES;
				ONLY_ACTIVE_ARCH = YES;
				SDKROOT = iphoneos;
				SWIFT_ACTIVE_COMPILATION_CONDITIONS = DEBUG;
				SWIFT_OPTIMIZATION_LEVEL = "-Onone";
			};
			name = Debug;
		};
		B34CEA112A79473300F68C7D /* Release */ = {
			isa = XCBuildConfiguration;
			buildSettings = {
				ALWAYS_SEARCH_USER_PATHS = NO;
				CLANG_ANALYZER_NONNULL = YES;
				CLANG_ANALYZER_NUMBER_OBJECT_CONVERSION = YES_AGGRESSIVE;
				CLANG_CXX_LANGUAGE_STANDARD = "gnu++20";
				CLANG_ENABLE_MODULES = YES;
				CLANG_ENABLE_OBJC_ARC = YES;
				CLANG_ENABLE_OBJC_WEAK = YES;
				CLANG_WARN_BLOCK_CAPTURE_AUTORELEASING = YES;
				CLANG_WARN_BOOL_CONVERSION = YES;
				CLANG_WARN_COMMA = YES;
				CLANG_WARN_CONSTANT_CONVERSION = YES;
				CLANG_WARN_DEPRECATED_OBJC_IMPLEMENTATIONS = YES;
				CLANG_WARN_DIRECT_OBJC_ISA_USAGE = YES_ERROR;
				CLANG_WARN_DOCUMENTATION_COMMENTS = YES;
				CLANG_WARN_EMPTY_BODY = YES;
				CLANG_WARN_ENUM_CONVERSION = YES;
				CLANG_WARN_INFINITE_RECURSION = YES;
				CLANG_WARN_INT_CONVERSION = YES;
				CLANG_WARN_NON_LITERAL_NULL_CONVERSION = YES;
				CLANG_WARN_OBJC_IMPLICIT_RETAIN_SELF = YES;
				CLANG_WARN_OBJC_LITERAL_CONVERSION = YES;
				CLANG_WARN_OBJC_ROOT_CLASS = YES_ERROR;
				CLANG_WARN_QUOTED_INCLUDE_IN_FRAMEWORK_HEADER = YES;
				CLANG_WARN_RANGE_LOOP_ANALYSIS = YES;
				CLANG_WARN_STRICT_PROTOTYPES = YES;
				CLANG_WARN_SUSPICIOUS_MOVE = YES;
				CLANG_WARN_UNGUARDED_AVAILABILITY = YES_AGGRESSIVE;
				CLANG_WARN_UNREACHABLE_CODE = YES;
				CLANG_WARN__DUPLICATE_METHOD_MATCH = YES;
				COPY_PHASE_STRIP = NO;
				DEBUG_INFORMATION_FORMAT = "dwarf-with-dsym";
				ENABLE_NS_ASSERTIONS = NO;
				ENABLE_STRICT_OBJC_MSGSEND = YES;
				GCC_C_LANGUAGE_STANDARD = gnu11;
				GCC_NO_COMMON_BLOCKS = YES;
				GCC_WARN_64_TO_32_BIT_CONVERSION = YES;
				GCC_WARN_ABOUT_RETURN_TYPE = YES_ERROR;
				GCC_WARN_UNDECLARED_SELECTOR = YES;
				GCC_WARN_UNINITIALIZED_AUTOS = YES_AGGRESSIVE;
				GCC_WARN_UNUSED_FUNCTION = YES;
				GCC_WARN_UNUSED_VARIABLE = YES;
				IPHONEOS_DEPLOYMENT_TARGET = 13.0;
				MTL_ENABLE_DEBUG_INFO = NO;
				MTL_FAST_MATH = YES;
				SDKROOT = iphoneos;
				SWIFT_COMPILATION_MODE = wholemodule;
				SWIFT_OPTIMIZATION_LEVEL = "-O";
				VALIDATE_PRODUCT = YES;
			};
			name = Release;
		};
		B34CEA132A79473300F68C7D /* Debug */ = {
			isa = XCBuildConfiguration;
			baseConfigurationReference = 5614178C99DD99BA6CE3F59F /* Pods-FunLife.debug.xcconfig */;
			buildSettings = {
				ASSETCATALOG_COMPILER_APPICON_NAME = AppIcon;
				ASSETCATALOG_COMPILER_GLOBAL_ACCENT_COLOR_NAME = AccentColor;
				CODE_SIGN_STYLE = Automatic;
				CURRENT_PROJECT_VERSION = 1;
				DEVELOPMENT_TEAM = N8Y57DTNM3;
				GENERATE_INFOPLIST_FILE = YES;
				INFOPLIST_FILE = FunLife/Info.plist;
				INFOPLIST_KEY_UIApplicationSupportsIndirectInputEvents = YES;
				INFOPLIST_KEY_UILaunchStoryboardName = LaunchScreen;
				INFOPLIST_KEY_UIMainStoryboardFile = Main;
				INFOPLIST_KEY_UISupportedInterfaceOrientations_iPad = "UIInterfaceOrientationPortrait UIInterfaceOrientationPortraitUpsideDown UIInterfaceOrientationLandscapeLeft UIInterfaceOrientationLandscapeRight";
				INFOPLIST_KEY_UISupportedInterfaceOrientations_iPhone = "UIInterfaceOrientationPortrait UIInterfaceOrientationLandscapeLeft UIInterfaceOrientationLandscapeRight";
				IPHONEOS_DEPLOYMENT_TARGET = 13.0;
				LD_RUNPATH_SEARCH_PATHS = (
					"$(inherited)",
					"@executable_path/Frameworks",
				);
				MARKETING_VERSION = 1.0;
				PRODUCT_BUNDLE_IDENTIFIER = china.FunLife;
				PRODUCT_NAME = "$(TARGET_NAME)";
				SWIFT_EMIT_LOC_STRINGS = YES;
				SWIFT_VERSION = 5.0;
				TARGETED_DEVICE_FAMILY = "1,2";
			};
			name = Debug;
		};
		B34CEA142A79473300F68C7D /* Release */ = {
			isa = XCBuildConfiguration;
			baseConfigurationReference = 15A97C8AC514291B07F16C4C /* Pods-FunLife.release.xcconfig */;
			buildSettings = {
				ASSETCATALOG_COMPILER_APPICON_NAME = AppIcon;
				ASSETCATALOG_COMPILER_GLOBAL_ACCENT_COLOR_NAME = AccentColor;
				CODE_SIGN_STYLE = Automatic;
				CURRENT_PROJECT_VERSION = 1;
				DEVELOPMENT_TEAM = N8Y57DTNM3;
				GENERATE_INFOPLIST_FILE = YES;
				INFOPLIST_FILE = FunLife/Info.plist;
				INFOPLIST_KEY_UIApplicationSupportsIndirectInputEvents = YES;
				INFOPLIST_KEY_UILaunchStoryboardName = LaunchScreen;
				INFOPLIST_KEY_UIMainStoryboardFile = Main;
				INFOPLIST_KEY_UISupportedInterfaceOrientations_iPad = "UIInterfaceOrientationPortrait UIInterfaceOrientationPortraitUpsideDown UIInterfaceOrientationLandscapeLeft UIInterfaceOrientationLandscapeRight";
				INFOPLIST_KEY_UISupportedInterfaceOrientations_iPhone = "UIInterfaceOrientationPortrait UIInterfaceOrientationLandscapeLeft UIInterfaceOrientationLandscapeRight";
				IPHONEOS_DEPLOYMENT_TARGET = 13.0;
				LD_RUNPATH_SEARCH_PATHS = (
					"$(inherited)",
					"@executable_path/Frameworks",
				);
				MARKETING_VERSION = 1.0;
				PRODUCT_BUNDLE_IDENTIFIER = china.FunLife;
				PRODUCT_NAME = "$(TARGET_NAME)";
				SWIFT_EMIT_LOC_STRINGS = YES;
				SWIFT_VERSION = 5.0;
				TARGETED_DEVICE_FAMILY = "1,2";
			};
			name = Release;
		};
		B34CEA162A79473300F68C7D /* Debug */ = {
			isa = XCBuildConfiguration;
			buildSettings = {
				ALWAYS_EMBED_SWIFT_STANDARD_LIBRARIES = YES;
				BUNDLE_LOADER = "$(TEST_HOST)";
				CODE_SIGN_STYLE = Automatic;
				CURRENT_PROJECT_VERSION = 1;
				DEVELOPMENT_TEAM = N8Y57DTNM3;
				GENERATE_INFOPLIST_FILE = YES;
				IPHONEOS_DEPLOYMENT_TARGET = 16.4;
				MARKETING_VERSION = 1.0;
				PRODUCT_BUNDLE_IDENTIFIER = china.FunLifeTests;
				PRODUCT_NAME = "$(TARGET_NAME)";
				SWIFT_EMIT_LOC_STRINGS = NO;
				SWIFT_VERSION = 5.0;
				TARGETED_DEVICE_FAMILY = "1,2";
				TEST_HOST = "$(BUILT_PRODUCTS_DIR)/FunLife.app/$(BUNDLE_EXECUTABLE_FOLDER_PATH)/FunLife";
			};
			name = Debug;
		};
		B34CEA172A79473300F68C7D /* Release */ = {
			isa = XCBuildConfiguration;
			buildSettings = {
				ALWAYS_EMBED_SWIFT_STANDARD_LIBRARIES = YES;
				BUNDLE_LOADER = "$(TEST_HOST)";
				CODE_SIGN_STYLE = Automatic;
				CURRENT_PROJECT_VERSION = 1;
				DEVELOPMENT_TEAM = N8Y57DTNM3;
				GENERATE_INFOPLIST_FILE = YES;
				IPHONEOS_DEPLOYMENT_TARGET = 16.4;
				MARKETING_VERSION = 1.0;
				PRODUCT_BUNDLE_IDENTIFIER = china.FunLifeTests;
				PRODUCT_NAME = "$(TARGET_NAME)";
				SWIFT_EMIT_LOC_STRINGS = NO;
				SWIFT_VERSION = 5.0;
				TARGETED_DEVICE_FAMILY = "1,2";
				TEST_HOST = "$(BUILT_PRODUCTS_DIR)/FunLife.app/$(BUNDLE_EXECUTABLE_FOLDER_PATH)/FunLife";
			};
			name = Release;
		};
		B34CEA192A79473300F68C7D /* Debug */ = {
			isa = XCBuildConfiguration;
			buildSettings = {
				ALWAYS_EMBED_SWIFT_STANDARD_LIBRARIES = YES;
				CODE_SIGN_STYLE = Automatic;
				CURRENT_PROJECT_VERSION = 1;
				DEVELOPMENT_TEAM = N8Y57DTNM3;
				GENERATE_INFOPLIST_FILE = YES;
				MARKETING_VERSION = 1.0;
				PRODUCT_BUNDLE_IDENTIFIER = china.FunLifeUITests;
				PRODUCT_NAME = "$(TARGET_NAME)";
				SWIFT_EMIT_LOC_STRINGS = NO;
				SWIFT_VERSION = 5.0;
				TARGETED_DEVICE_FAMILY = "1,2";
				TEST_TARGET_NAME = FunLife;
			};
			name = Debug;
		};
		B34CEA1A2A79473300F68C7D /* Release */ = {
			isa = XCBuildConfiguration;
			buildSettings = {
				ALWAYS_EMBED_SWIFT_STANDARD_LIBRARIES = YES;
				CODE_SIGN_STYLE = Automatic;
				CURRENT_PROJECT_VERSION = 1;
				DEVELOPMENT_TEAM = N8Y57DTNM3;
				GENERATE_INFOPLIST_FILE = YES;
				MARKETING_VERSION = 1.0;
				PRODUCT_BUNDLE_IDENTIFIER = china.FunLifeUITests;
				PRODUCT_NAME = "$(TARGET_NAME)";
				SWIFT_EMIT_LOC_STRINGS = NO;
				SWIFT_VERSION = 5.0;
				TARGETED_DEVICE_FAMILY = "1,2";
				TEST_TARGET_NAME = FunLife;
			};
			name = Release;
		};
/* End XCBuildConfiguration section */

/* Begin XCConfigurationList section */
		B34CE9E32A79473100F68C7D /* Build configuration list for PBXProject "FunLife" */ = {
			isa = XCConfigurationList;
			buildConfigurations = (
				B34CEA102A79473300F68C7D /* Debug */,
				B34CEA112A79473300F68C7D /* Release */,
			);
			defaultConfigurationIsVisible = 0;
			defaultConfigurationName = Release;
		};
		B34CEA122A79473300F68C7D /* Build configuration list for PBXNativeTarget "FunLife" */ = {
			isa = XCConfigurationList;
			buildConfigurations = (
				B34CEA132A79473300F68C7D /* Debug */,
				B34CEA142A79473300F68C7D /* Release */,
			);
			defaultConfigurationIsVisible = 0;
			defaultConfigurationName = Release;
		};
		B34CEA152A79473300F68C7D /* Build configuration list for PBXNativeTarget "FunLifeTests" */ = {
			isa = XCConfigurationList;
			buildConfigurations = (
				B34CEA162A79473300F68C7D /* Debug */,
				B34CEA172A79473300F68C7D /* Release */,
			);
			defaultConfigurationIsVisible = 0;
			defaultConfigurationName = Release;
		};
		B34CEA182A79473300F68C7D /* Build configuration list for PBXNativeTarget "FunLifeUITests" */ = {
			isa = XCConfigurationList;
			buildConfigurations = (
				B34CEA192A79473300F68C7D /* Debug */,
				B34CEA1A2A79473300F68C7D /* Release */,
			);
			defaultConfigurationIsVisible = 0;
			defaultConfigurationName = Release;
		};
/* End XCConfigurationList section */
	};
	rootObject = B34CE9E02A79473100F68C7D /* Project object */;
}
