// !$*UTF8*$!
{
	archiveVersion = 1;
	classes = {
	};
	objectVersion = 56;
	objects = {

/* Begin PBXBuildFile section */
		2A66F67B5316AD3ECA919FA6 /* Pods_FunLife.framework in Frameworks */ = {isa = PBXBuildFile; fileRef = 6ABF0DF09336A64764085F0C /* Pods_FunLife.framework */; };
		B31D66472A79160B0015091B /* AppDelegate.swift in Sources */ = {isa = PBXBuildFile; fileRef = B31D66462A79160B0015091B /* AppDelegate.swift */; };
		B31D66492A79160B0015091B /* SceneDelegate.swift in Sources */ = {isa = PBXBuildFile; fileRef = B31D66482A79160B0015091B /* SceneDelegate.swift */; };
		B31D664B2A79160B0015091B /* ViewController.swift in Sources */ = {isa = PBXBuildFile; fileRef = B31D664A2A79160B0015091B /* ViewController.swift */; };
		B31D664E2A79160B0015091B /* Main.storyboard in Resources */ = {isa = PBXBuildFile; fileRef = B31D664C2A79160B0015091B /* Main.storyboard */; };
		B31D66502A79160D0015091B /* Assets.xcassets in Resources */ = {isa = PBXBuildFile; fileRef = B31D664F2A79160D0015091B /* Assets.xcassets */; };
		B31D66532A79160D0015091B /* LaunchScreen.storyboard in Resources */ = {isa = PBXBuildFile; fileRef = B31D66512A79160D0015091B /* LaunchScreen.storyboard */; };
		B31D665E2A79160D0015091B /* FunLifeTests.swift in Sources */ = {isa = PBXBuildFile; fileRef = B31D665D2A79160D0015091B /* FunLifeTests.swift */; };
		B31D66682A79160D0015091B /* FunLifeUITests.swift in Sources */ = {isa = PBXBuildFile; fileRef = B31D66672A79160D0015091B /* FunLifeUITests.swift */; };
		B31D666A2A79160D0015091B /* FunLifeUITestsLaunchTests.swift in Sources */ = {isa = PBXBuildFile; fileRef = B31D66692A79160D0015091B /* FunLifeUITestsLaunchTests.swift */; };
/* End PBXBuildFile section */

/* Begin PBXContainerItemProxy section */
		B31D665A2A79160D0015091B /* PBXContainerItemProxy */ = {
			isa = PBXContainerItemProxy;
			containerPortal = B31D663B2A79160B0015091B /* Project object */;
			proxyType = 1;
			remoteGlobalIDString = B31D66422A79160B0015091B;
			remoteInfo = FunLife;
		};
		B31D66642A79160D0015091B /* PBXContainerItemProxy */ = {
			isa = PBXContainerItemProxy;
			containerPortal = B31D663B2A79160B0015091B /* Project object */;
			proxyType = 1;
			remoteGlobalIDString = B31D66422A79160B0015091B;
			remoteInfo = FunLife;
		};
/* End PBXContainerItemProxy section */

/* Begin PBXFileReference section */
		6ABF0DF09336A64764085F0C /* Pods_FunLife.framework */ = {isa = PBXFileReference; explicitFileType = wrapper.framework; includeInIndex = 0; path = Pods_FunLife.framework; sourceTree = BUILT_PRODUCTS_DIR; };
		7E4604DAE68BC356BF4B032F /* Pods-FunLife.release.xcconfig */ = {isa = PBXFileReference; includeInIndex = 1; lastKnownFileType = text.xcconfig; name = "Pods-FunLife.release.xcconfig"; path = "Target Support Files/Pods-FunLife/Pods-FunLife.release.xcconfig"; sourceTree = "<group>"; };
		B300DFCE3E298BB265511A01 /* Pods-FunLife.debug.xcconfig */ = {isa = PBXFileReference; includeInIndex = 1; lastKnownFileType = text.xcconfig; name = "Pods-FunLife.debug.xcconfig"; path = "Target Support Files/Pods-FunLife/Pods-FunLife.debug.xcconfig"; sourceTree = "<group>"; };
		B31D66432A79160B0015091B /* FunLife.app */ = {isa = PBXFileReference; explicitFileType = wrapper.application; includeInIndex = 0; path = FunLife.app; sourceTree = BUILT_PRODUCTS_DIR; };
		B31D66462A79160B0015091B /* AppDelegate.swift */ = {isa = PBXFileReference; lastKnownFileType = sourcecode.swift; path = AppDelegate.swift; sourceTree = "<group>"; };
		B31D66482A79160B0015091B /* SceneDelegate.swift */ = {isa = PBXFileReference; lastKnownFileType = sourcecode.swift; path = SceneDelegate.swift; sourceTree = "<group>"; };
		B31D664A2A79160B0015091B /* ViewController.swift */ = {isa = PBXFileReference; lastKnownFileType = sourcecode.swift; path = ViewController.swift; sourceTree = "<group>"; };
		B31D664D2A79160B0015091B /* Base */ = {isa = PBXFileReference; lastKnownFileType = file.storyboard; name = Base; path = Base.lproj/Main.storyboard; sourceTree = "<group>"; };
		B31D664F2A79160D0015091B /* Assets.xcassets */ = {isa = PBXFileReference; lastKnownFileType = folder.assetcatalog; path = Assets.xcassets; sourceTree = "<group>"; };
		B31D66522A79160D0015091B /* Base */ = {isa = PBXFileReference; lastKnownFileType = file.storyboard; name = Base; path = Base.lproj/LaunchScreen.storyboard; sourceTree = "<group>"; };
		B31D66542A79160D0015091B /* Info.plist */ = {isa = PBXFileReference; lastKnownFileType = text.plist.xml; path = Info.plist; sourceTree = "<group>"; };
		B31D66592A79160D0015091B /* FunLifeTests.xctest */ = {isa = PBXFileReference; explicitFileType = wrapper.cfbundle; includeInIndex = 0; path = FunLifeTests.xctest; sourceTree = BUILT_PRODUCTS_DIR; };
		B31D665D2A79160D0015091B /* FunLifeTests.swift */ = {isa = PBXFileReference; lastKnownFileType = sourcecode.swift; path = FunLifeTests.swift; sourceTree = "<group>"; };
		B31D66632A79160D0015091B /* FunLifeUITests.xctest */ = {isa = PBXFileReference; explicitFileType = wrapper.cfbundle; includeInIndex = 0; path = FunLifeUITests.xctest; sourceTree = BUILT_PRODUCTS_DIR; };
		B31D66672A79160D0015091B /* FunLifeUITests.swift */ = {isa = PBXFileReference; lastKnownFileType = sourcecode.swift; path = FunLifeUITests.swift; sourceTree = "<group>"; };
		B31D66692A79160D0015091B /* FunLifeUITestsLaunchTests.swift */ = {isa = PBXFileReference; lastKnownFileType = sourcecode.swift; path = FunLifeUITestsLaunchTests.swift; sourceTree = "<group>"; };
/* End PBXFileReference section */

/* Begin PBXFrameworksBuildPhase section */
		B31D66402A79160B0015091B /* Frameworks */ = {
			isa = PBXFrameworksBuildPhase;
			buildActionMask = 2147483647;
			files = (
				2A66F67B5316AD3ECA919FA6 /* Pods_FunLife.framework in Frameworks */,
			);
			runOnlyForDeploymentPostprocessing = 0;
		};
		B31D66562A79160D0015091B /* Frameworks */ = {
			isa = PBXFrameworksBuildPhase;
			buildActionMask = 2147483647;
			files = (
			);
			runOnlyForDeploymentPostprocessing = 0;
		};
		B31D66602A79160D0015091B /* Frameworks */ = {
			isa = PBXFrameworksBuildPhase;
			buildActionMask = 2147483647;
			files = (
			);
			runOnlyForDeploymentPostprocessing = 0;
		};
/* End PBXFrameworksBuildPhase section */

/* Begin PBXGroup section */
		B31D663A2A79160B0015091B = {
			isa = PBXGroup;
			children = (
				B31D66452A79160B0015091B /* FunLife */,
				B31D665C2A79160D0015091B /* FunLifeTests */,
				B31D66662A79160D0015091B /* FunLifeUITests */,
				B31D66442A79160B0015091B /* Products */,
				D49598F91CAEDAB7510A7569 /* Pods */,
				C922FF99C786CDD9FFD2EFF1 /* Frameworks */,
			);
			sourceTree = "<group>";
		};
		B31D66442A79160B0015091B /* Products */ = {
			isa = PBXGroup;
			children = (
				B31D66432A79160B0015091B /* FunLife.app */,
				B31D66592A79160D0015091B /* FunLifeTests.xctest */,
				B31D66632A79160D0015091B /* FunLifeUITests.xctest */,
			);
			name = Products;
			sourceTree = "<group>";
		};
		B31D66452A79160B0015091B /* FunLife */ = {
			isa = PBXGroup;
			children = (
				B31D66462A79160B0015091B /* AppDelegate.swift */,
				B31D66482A79160B0015091B /* SceneDelegate.swift */,
				B31D664A2A79160B0015091B /* ViewController.swift */,
				B31D664C2A79160B0015091B /* Main.storyboard */,
				B31D664F2A79160D0015091B /* Assets.xcassets */,
				B31D66512A79160D0015091B /* LaunchScreen.storyboard */,
				B31D66542A79160D0015091B /* Info.plist */,
			);
			path = FunLife;
			sourceTree = "<group>";
		};
		B31D665C2A79160D0015091B /* FunLifeTests */ = {
			isa = PBXGroup;
			children = (
				B31D665D2A79160D0015091B /* FunLifeTests.swift */,
			);
			path = FunLifeTests;
			sourceTree = "<group>";
		};
		B31D66662A79160D0015091B /* FunLifeUITests */ = {
			isa = PBXGroup;
			children = (
				B31D66672A79160D0015091B /* FunLifeUITests.swift */,
				B31D66692A79160D0015091B /* FunLifeUITestsLaunchTests.swift */,
			);
			path = FunLifeUITests;
			sourceTree = "<group>";
		};
		C922FF99C786CDD9FFD2EFF1 /* Frameworks */ = {
			isa = PBXGroup;
			children = (
				6ABF0DF09336A64764085F0C /* Pods_FunLife.framework */,
			);
			name = Frameworks;
			sourceTree = "<group>";
		};
		D49598F91CAEDAB7510A7569 /* Pods */ = {
			isa = PBXGroup;
			children = (
				B300DFCE3E298BB265511A01 /* Pods-FunLife.debug.xcconfig */,
				7E4604DAE68BC356BF4B032F /* Pods-FunLife.release.xcconfig */,
			);
			path = Pods;
			sourceTree = "<group>";
		};
/* End PBXGroup section */

/* Begin PBXNativeTarget section */
		B31D66422A79160B0015091B /* FunLife */ = {
			isa = PBXNativeTarget;
			buildConfigurationList = B31D666D2A79160D0015091B /* Build configuration list for PBXNativeTarget "FunLife" */;
			buildPhases = (
				1FC62B0E1CD2E438825445D8 /* [CP] Check Pods Manifest.lock */,
				B31D663F2A79160B0015091B /* Sources */,
				B31D66402A79160B0015091B /* Frameworks */,
				B31D66412A79160B0015091B /* Resources */,
				E49F685BB192D0D7E8D7E715 /* [CP] Embed Pods Frameworks */,
			);
			buildRules = (
			);
			dependencies = (
			);
			name = FunLife;
			productName = FunLife;
			productReference = B31D66432A79160B0015091B /* FunLife.app */;
			productType = "com.apple.product-type.application";
		};
		B31D66582A79160D0015091B /* FunLifeTests */ = {
			isa = PBXNativeTarget;
			buildConfigurationList = B31D66702A79160D0015091B /* Build configuration list for PBXNativeTarget "FunLifeTests" */;
			buildPhases = (
				B31D66552A79160D0015091B /* Sources */,
				B31D66562A79160D0015091B /* Frameworks */,
				B31D66572A79160D0015091B /* Resources */,
			);
			buildRules = (
			);
			dependencies = (
				B31D665B2A79160D0015091B /* PBXTargetDependency */,
			);
			name = FunLifeTests;
			productName = FunLifeTests;
			productReference = B31D66592A79160D0015091B /* FunLifeTests.xctest */;
			productType = "com.apple.product-type.bundle.unit-test";
		};
		B31D66622A79160D0015091B /* FunLifeUITests */ = {
			isa = PBXNativeTarget;
			buildConfigurationList = B31D66732A79160D0015091B /* Build configuration list for PBXNativeTarget "FunLifeUITests" */;
			buildPhases = (
				B31D665F2A79160D0015091B /* Sources */,
				B31D66602A79160D0015091B /* Frameworks */,
				B31D66612A79160D0015091B /* Resources */,
			);
			buildRules = (
			);
			dependencies = (
				B31D66652A79160D0015091B /* PBXTargetDependency */,
			);
			name = FunLifeUITests;
			productName = FunLifeUITests;
			productReference = B31D66632A79160D0015091B /* FunLifeUITests.xctest */;
			productType = "com.apple.product-type.bundle.ui-testing";
		};
/* End PBXNativeTarget section */

/* Begin PBXProject section */
		B31D663B2A79160B0015091B /* Project object */ = {
			isa = PBXProject;
			attributes = {
				BuildIndependentTargetsInParallel = 1;
				LastSwiftUpdateCheck = 1430;
				LastUpgradeCheck = 1430;
				TargetAttributes = {
					B31D66422A79160B0015091B = {
						CreatedOnToolsVersion = 14.3.1;
					};
					B31D66582A79160D0015091B = {
						CreatedOnToolsVersion = 14.3.1;
						TestTargetID = B31D66422A79160B0015091B;
					};
					B31D66622A79160D0015091B = {
						CreatedOnToolsVersion = 14.3.1;
						TestTargetID = B31D66422A79160B0015091B;
					};
				};
			};
			buildConfigurationList = B31D663E2A79160B0015091B /* Build configuration list for PBXProject "FunLife" */;
			compatibilityVersion = "Xcode 14.0";
			developmentRegion = en;
			hasScannedForEncodings = 0;
			knownRegions = (
				en,
				Base,
			);
			mainGroup = B31D663A2A79160B0015091B;
			productRefGroup = B31D66442A79160B0015091B /* Products */;
			projectDirPath = "";
			projectRoot = "";
			targets = (
				B31D66422A79160B0015091B /* FunLife */,
				B31D66582A79160D0015091B /* FunLifeTests */,
				B31D66622A79160D0015091B /* FunLifeUITests */,
			);
		};
/* End PBXProject section */

/* Begin PBXResourcesBuildPhase section */
		B31D66412A79160B0015091B /* Resources */ = {
			isa = PBXResourcesBuildPhase;
			buildActionMask = 2147483647;
			files = (
				B31D66532A79160D0015091B /* LaunchScreen.storyboard in Resources */,
				B31D66502A79160D0015091B /* Assets.xcassets in Resources */,
				B31D664E2A79160B0015091B /* Main.storyboard in Resources */,
			);
			runOnlyForDeploymentPostprocessing = 0;
		};
		B31D66572A79160D0015091B /* Resources */ = {
			isa = PBXResourcesBuildPhase;
			buildActionMask = 2147483647;
			files = (
			);
			runOnlyForDeploymentPostprocessing = 0;
		};
		B31D66612A79160D0015091B /* Resources */ = {
			isa = PBXResourcesBuildPhase;
			buildActionMask = 2147483647;
			files = (
			);
			runOnlyForDeploymentPostprocessing = 0;
		};
/* End PBXResourcesBuildPhase section */

/* Begin PBXShellScriptBuildPhase section */
		1FC62B0E1CD2E438825445D8 /* [CP] Check Pods Manifest.lock */ = {
			isa = PBXShellScriptBuildPhase;
			buildActionMask = 2147483647;
			files = (
			);
			inputFileListPaths = (
			);
			inputPaths = (
				"${PODS_PODFILE_DIR_PATH}/Podfile.lock",
				"${PODS_ROOT}/Manifest.lock",
			);
			name = "[CP] Check Pods Manifest.lock";
			outputFileListPaths = (
			);
			outputPaths = (
				"$(DERIVED_FILE_DIR)/Pods-FunLife-checkManifestLockResult.txt",
			);
			runOnlyForDeploymentPostprocessing = 0;
			shellPath = /bin/sh;
			shellScript = "diff \"${PODS_PODFILE_DIR_PATH}/Podfile.lock\" \"${PODS_ROOT}/Manifest.lock\" > /dev/null\nif [ $? != 0 ] ; then\n    # print error to STDERR\n    echo \"error: The sandbox is not in sync with the Podfile.lock. Run 'pod install' or update your CocoaPods installation.\" >&2\n    exit 1\nfi\n# This output is used by Xcode 'outputs' to avoid re-running this script phase.\necho \"SUCCESS\" > \"${SCRIPT_OUTPUT_FILE_0}\"\n";
			showEnvVarsInLog = 0;
		};
		E49F685BB192D0D7E8D7E715 /* [CP] Embed Pods Frameworks */ = {
			isa = PBXShellScriptBuildPhase;
			buildActionMask = 2147483647;
			files = (
			);
			inputFileListPaths = (
				"${PODS_ROOT}/Target Support Files/Pods-FunLife/Pods-FunLife-frameworks-${CONFIGURATION}-input-files.xcfilelist",
			);
			name = "[CP] Embed Pods Frameworks";
			outputFileListPaths = (
				"${PODS_ROOT}/Target Support Files/Pods-FunLife/Pods-FunLife-frameworks-${CONFIGURATION}-output-files.xcfilelist",
			);
			runOnlyForDeploymentPostprocessing = 0;
			shellPath = /bin/sh;
			shellScript = "\"${PODS_ROOT}/Target Support Files/Pods-FunLife/Pods-FunLife-frameworks.sh\"\n";
			showEnvVarsInLog = 0;
		};
/* End PBXShellScriptBuildPhase section */

/* Begin PBXSourcesBuildPhase section */
		B31D663F2A79160B0015091B /* Sources */ = {
			isa = PBXSourcesBuildPhase;
			buildActionMask = 2147483647;
			files = (
				B31D664B2A79160B0015091B /* ViewController.swift in Sources */,
				B31D66472A79160B0015091B /* AppDelegate.swift in Sources */,
				B31D66492A79160B0015091B /* SceneDelegate.swift in Sources */,
			);
			runOnlyForDeploymentPostprocessing = 0;
		};
		B31D66552A79160D0015091B /* Sources */ = {
			isa = PBXSourcesBuildPhase;
			buildActionMask = 2147483647;
			files = (
				B31D665E2A79160D0015091B /* FunLifeTests.swift in Sources */,
			);
			runOnlyForDeploymentPostprocessing = 0;
		};
		B31D665F2A79160D0015091B /* Sources */ = {
			isa = PBXSourcesBuildPhase;
			buildActionMask = 2147483647;
			files = (
				B31D666A2A79160D0015091B /* FunLifeUITestsLaunchTests.swift in Sources */,
				B31D66682A79160D0015091B /* FunLifeUITests.swift in Sources */,
			);
			runOnlyForDeploymentPostprocessing = 0;
		};
/* End PBXSourcesBuildPhase section */

/* Begin PBXTargetDependency section */
		B31D665B2A79160D0015091B /* PBXTargetDependency */ = {
			isa = PBXTargetDependency;
			target = B31D66422A79160B0015091B /* FunLife */;
			targetProxy = B31D665A2A79160D0015091B /* PBXContainerItemProxy */;
		};
		B31D66652A79160D0015091B /* PBXTargetDependency */ = {
			isa = PBXTargetDependency;
			target = B31D66422A79160B0015091B /* FunLife */;
			targetProxy = B31D66642A79160D0015091B /* PBXContainerItemProxy */;
		};
/* End PBXTargetDependency section */

/* Begin PBXVariantGroup section */
		B31D664C2A79160B0015091B /* Main.storyboard */ = {
			isa = PBXVariantGroup;
			children = (
				B31D664D2A79160B0015091B /* Base */,
			);
			name = Main.storyboard;
			sourceTree = "<group>";
		};
		B31D66512A79160D0015091B /* LaunchScreen.storyboard */ = {
			isa = PBXVariantGroup;
			children = (
				B31D66522A79160D0015091B /* Base */,
			);
			name = LaunchScreen.storyboard;
			sourceTree = "<group>";
		};
/* End PBXVariantGroup section */

/* Begin XCBuildConfiguration section */
		B31D666B2A79160D0015091B /* Debug */ = {
			isa = XCBuildConfiguration;
			buildSettings = {
				ALWAYS_SEARCH_USER_PATHS = NO;
				CLANG_ANALYZER_NONNULL = YES;
				CLANG_ANALYZER_NUMBER_OBJECT_CONVERSION = YES_AGGRESSIVE;
				CLANG_CXX_LANGUAGE_STANDARD = "gnu++20";
				CLANG_ENABLE_MODULES = YES;
				CLANG_ENABLE_OBJC_ARC = YES;
				CLANG_ENABLE_OBJC_WEAK = YES;
				CLANG_WARN_BLOCK_CAPTURE_AUTORELEASING = YES;
				CLANG_WARN_BOOL_CONVERSION = YES;
				CLANG_WARN_COMMA = YES;
				CLANG_WARN_CONSTANT_CONVERSION = YES;
				CLANG_WARN_DEPRECATED_OBJC_IMPLEMENTATIONS = YES;
				CLANG_WARN_DIRECT_OBJC_ISA_USAGE = YES_ERROR;
				CLANG_WARN_DOCUMENTATION_COMMENTS = YES;
				CLANG_WARN_EMPTY_BODY = YES;
				CLANG_WARN_ENUM_CONVERSION = YES;
				CLANG_WARN_INFINITE_RECURSION = YES;
				CLANG_WARN_INT_CONVERSION = YES;
				CLANG_WARN_NON_LITERAL_NULL_CONVERSION = YES;
				CLANG_WARN_OBJC_IMPLICIT_RETAIN_SELF = YES;
				CLANG_WARN_OBJC_LITERAL_CONVERSION = YES;
				CLANG_WARN_OBJC_ROOT_CLASS = YES_ERROR;
				CLANG_WARN_QUOTED_INCLUDE_IN_FRAMEWORK_HEADER = YES;
				CLANG_WARN_RANGE_LOOP_ANALYSIS = YES;
				CLANG_WARN_STRICT_PROTOTYPES = YES;
				CLANG_WARN_SUSPICIOUS_MOVE = YES;
				CLANG_WARN_UNGUARDED_AVAILABILITY = YES_AGGRESSIVE;
				CLANG_WARN_UNREACHABLE_CODE = YES;
				CLANG_WARN__DUPLICATE_METHOD_MATCH = YES;
				COPY_PHASE_STRIP = NO;
				DEBUG_INFORMATION_FORMAT = dwarf;
				ENABLE_STRICT_OBJC_MSGSEND = YES;
				ENABLE_TESTABILITY = YES;
				GCC_C_LANGUAGE_STANDARD = gnu11;
				GCC_DYNAMIC_NO_PIC = NO;
				GCC_NO_COMMON_BLOCKS = YES;
				GCC_OPTIMIZATION_LEVEL = 0;
				GCC_PREPROCESSOR_DEFINITIONS = (
					"DEBUG=1",
					"$(inherited)",
				);
				GCC_WARN_64_TO_32_BIT_CONVERSION = YES;
				GCC_WARN_ABOUT_RETURN_TYPE = YES_ERROR;
				GCC_WARN_UNDECLARED_SELECTOR = YES;
				GCC_WARN_UNINITIALIZED_AUTOS = YES_AGGRESSIVE;
				GCC_WARN_UNUSED_FUNCTION = YES;
				GCC_WARN_UNUSED_VARIABLE = YES;
				IPHONEOS_DEPLOYMENT_TARGET = 16.0;
				MTL_ENABLE_DEBUG_INFO = INCLUDE_SOURCE;
				MTL_FAST_MATH = YES;
				ONLY_ACTIVE_ARCH = YES;
				SDKROOT = iphoneos;
				SWIFT_ACTIVE_COMPILATION_CONDITIONS = DEBUG;
				SWIFT_OPTIMIZATION_LEVEL = "-Onone";
			};
			name = Debug;
		};
		B31D666C2A79160D0015091B /* Release */ = {
			isa = XCBuildConfiguration;
			buildSettings = {
				ALWAYS_SEARCH_USER_PATHS = NO;
				CLANG_ANALYZER_NONNULL = YES;
				CLANG_ANALYZER_NUMBER_OBJECT_CONVERSION = YES_AGGRESSIVE;
				CLANG_CXX_LANGUAGE_STANDARD = "gnu++20";
				CLANG_ENABLE_MODULES = YES;
				CLANG_ENABLE_OBJC_ARC = YES;
				CLANG_ENABLE_OBJC_WEAK = YES;
				CLANG_WARN_BLOCK_CAPTURE_AUTORELEASING = YES;
				CLANG_WARN_BOOL_CONVERSION = YES;
				CLANG_WARN_COMMA = YES;
				CLANG_WARN_CONSTANT_CONVERSION = YES;
				CLANG_WARN_DEPRECATED_OBJC_IMPLEMENTATIONS = YES;
				CLANG_WARN_DIRECT_OBJC_ISA_USAGE = YES_ERROR;
				CLANG_WARN_DOCUMENTATION_COMMENTS = YES;
				CLANG_WARN_EMPTY_BODY = YES;
				CLANG_WARN_ENUM_CONVERSION = YES;
				CLANG_WARN_INFINITE_RECURSION = YES;
				CLANG_WARN_INT_CONVERSION = YES;
				CLANG_WARN_NON_LITERAL_NULL_CONVERSION = YES;
				CLANG_WARN_OBJC_IMPLICIT_RETAIN_SELF = YES;
				CLANG_WARN_OBJC_LITERAL_CONVERSION = YES;
				CLANG_WARN_OBJC_ROOT_CLASS = YES_ERROR;
				CLANG_WARN_QUOTED_INCLUDE_IN_FRAMEWORK_HEADER = YES;
				CLANG_WARN_RANGE_LOOP_ANALYSIS = YES;
				CLANG_WARN_STRICT_PROTOTYPES = YES;
				CLANG_WARN_SUSPICIOUS_MOVE = YES;
				CLANG_WARN_UNGUARDED_AVAILABILITY = YES_AGGRESSIVE;
				CLANG_WARN_UNREACHABLE_CODE = YES;
				CLANG_WARN__DUPLICATE_METHOD_MATCH = YES;
				COPY_PHASE_STRIP = NO;
				DEBUG_INFORMATION_FORMAT = "dwarf-with-dsym";
				ENABLE_NS_ASSERTIONS = NO;
				ENABLE_STRICT_OBJC_MSGSEND = YES;
				GCC_C_LANGUAGE_STANDARD = gnu11;
				GCC_NO_COMMON_BLOCKS = YES;
				GCC_WARN_64_TO_32_BIT_CONVERSION = YES;
				GCC_WARN_ABOUT_RETURN_TYPE = YES_ERROR;
				GCC_WARN_UNDECLARED_SELECTOR = YES;
				GCC_WARN_UNINITIALIZED_AUTOS = YES_AGGRESSIVE;
				GCC_WARN_UNUSED_FUNCTION = YES;
				GCC_WARN_UNUSED_VARIABLE = YES;
				IPHONEOS_DEPLOYMENT_TARGET = 16.0;
				MTL_ENABLE_DEBUG_INFO = NO;
				MTL_FAST_MATH = YES;
				SDKROOT = iphoneos;
				SWIFT_COMPILATION_MODE = wholemodule;
				SWIFT_OPTIMIZATION_LEVEL = "-O";
				VALIDATE_PRODUCT = YES;
			};
			name = Release;
		};
		B31D666E2A79160D0015091B /* Debug */ = {
			isa = XCBuildConfiguration;
			baseConfigurationReference = B300DFCE3E298BB265511A01 /* Pods-FunLife.debug.xcconfig */;
			buildSettings = {
				ASSETCATALOG_COMPILER_APPICON_NAME = AppIcon;
				ASSETCATALOG_COMPILER_GLOBAL_ACCENT_COLOR_NAME = AccentColor;
				CODE_SIGN_STYLE = Automatic;
				CURRENT_PROJECT_VERSION = 1;
				DEVELOPMENT_TEAM = N8Y57DTNM3;
				GENERATE_INFOPLIST_FILE = YES;
				INFOPLIST_FILE = FunLife/Info.plist;
				INFOPLIST_KEY_UIApplicationSupportsIndirectInputEvents = YES;
				INFOPLIST_KEY_UILaunchStoryboardName = LaunchScreen;
				INFOPLIST_KEY_UIMainStoryboardFile = Main;
				INFOPLIST_KEY_UISupportedInterfaceOrientations_iPad = "UIInterfaceOrientationPortrait UIInterfaceOrientationPortraitUpsideDown UIInterfaceOrientationLandscapeLeft UIInterfaceOrientationLandscapeRight";
				INFOPLIST_KEY_UISupportedInterfaceOrientations_iPhone = "UIInterfaceOrientationPortrait UIInterfaceOrientationLandscapeLeft UIInterfaceOrientationLandscapeRight";
				IPHONEOS_DEPLOYMENT_TARGET = 16.0;
				LD_RUNPATH_SEARCH_PATHS = (
					"$(inherited)",
					"@executable_path/Frameworks",
				);
				MARKETING_VERSION = 1.0;
				PRODUCT_BUNDLE_IDENTIFIER = china.FunLife;
				PRODUCT_NAME = "$(TARGET_NAME)";
				SWIFT_EMIT_LOC_STRINGS = YES;
				SWIFT_VERSION = 5.0;
				TARGETED_DEVICE_FAMILY = "1,2";
			};
			name = Debug;
		};
		B31D666F2A79160D0015091B /* Release */ = {
			isa = XCBuildConfiguration;
			baseConfigurationReference = 7E4604DAE68BC356BF4B032F /* Pods-FunLife.release.xcconfig */;
			buildSettings = {
				ASSETCATALOG_COMPILER_APPICON_NAME = AppIcon;
				ASSETCATALOG_COMPILER_GLOBAL_ACCENT_COLOR_NAME = AccentColor;
				CODE_SIGN_STYLE = Automatic;
				CURRENT_PROJECT_VERSION = 1;
				DEVELOPMENT_TEAM = N8Y57DTNM3;
				GENERATE_INFOPLIST_FILE = YES;
				INFOPLIST_FILE = FunLife/Info.plist;
				INFOPLIST_KEY_UIApplicationSupportsIndirectInputEvents = YES;
				INFOPLIST_KEY_UILaunchStoryboardName = LaunchScreen;
				INFOPLIST_KEY_UIMainStoryboardFile = Main;
				INFOPLIST_KEY_UISupportedInterfaceOrientations_iPad = "UIInterfaceOrientationPortrait UIInterfaceOrientationPortraitUpsideDown UIInterfaceOrientationLandscapeLeft UIInterfaceOrientationLandscapeRight";
				INFOPLIST_KEY_UISupportedInterfaceOrientations_iPhone = "UIInterfaceOrientationPortrait UIInterfaceOrientationLandscapeLeft UIInterfaceOrientationLandscapeRight";
				IPHONEOS_DEPLOYMENT_TARGET = 16.0;
				LD_RUNPATH_SEARCH_PATHS = (
					"$(inherited)",
					"@executable_path/Frameworks",
				);
				MARKETING_VERSION = 1.0;
				PRODUCT_BUNDLE_IDENTIFIER = china.FunLife;
				PRODUCT_NAME = "$(TARGET_NAME)";
				SWIFT_EMIT_LOC_STRINGS = YES;
				SWIFT_VERSION = 5.0;
				TARGETED_DEVICE_FAMILY = "1,2";
			};
			name = Release;
		};
		B31D66712A79160D0015091B /* Debug */ = {
			isa = XCBuildConfiguration;
			buildSettings = {
				ALWAYS_EMBED_SWIFT_STANDARD_LIBRARIES = YES;
				BUNDLE_LOADER = "$(TEST_HOST)";
				CODE_SIGN_STYLE = Automatic;
				CURRENT_PROJECT_VERSION = 1;
				DEVELOPMENT_TEAM = N8Y57DTNM3;
				GENERATE_INFOPLIST_FILE = YES;
				IPHONEOS_DEPLOYMENT_TARGET = 16.0;
				MARKETING_VERSION = 1.0;
				PRODUCT_BUNDLE_IDENTIFIER = china.FunLifeTests;
				PRODUCT_NAME = "$(TARGET_NAME)";
				SWIFT_EMIT_LOC_STRINGS = NO;
				SWIFT_VERSION = 5.0;
				TARGETED_DEVICE_FAMILY = "1,2";
				TEST_HOST = "$(BUILT_PRODUCTS_DIR)/FunLife.app/$(BUNDLE_EXECUTABLE_FOLDER_PATH)/FunLife";
			};
			name = Debug;
		};
		B31D66722A79160D0015091B /* Release */ = {
			isa = XCBuildConfiguration;
			buildSettings = {
				ALWAYS_EMBED_SWIFT_STANDARD_LIBRARIES = YES;
				BUNDLE_LOADER = "$(TEST_HOST)";
				CODE_SIGN_STYLE = Automatic;
				CURRENT_PROJECT_VERSION = 1;
				DEVELOPMENT_TEAM = N8Y57DTNM3;
				GENERATE_INFOPLIST_FILE = YES;
				IPHONEOS_DEPLOYMENT_TARGET = 16.0;
				MARKETING_VERSION = 1.0;
				PRODUCT_BUNDLE_IDENTIFIER = china.FunLifeTests;
				PRODUCT_NAME = "$(TARGET_NAME)";
				SWIFT_EMIT_LOC_STRINGS = NO;
				SWIFT_VERSION = 5.0;
				TARGETED_DEVICE_FAMILY = "1,2";
				TEST_HOST = "$(BUILT_PRODUCTS_DIR)/FunLife.app/$(BUNDLE_EXECUTABLE_FOLDER_PATH)/FunLife";
			};
			name = Release;
		};
		B31D66742A79160D0015091B /* Debug */ = {
			isa = XCBuildConfiguration;
			buildSettings = {
				ALWAYS_EMBED_SWIFT_STANDARD_LIBRARIES = YES;
				CODE_SIGN_STYLE = Automatic;
				CURRENT_PROJECT_VERSION = 1;
				DEVELOPMENT_TEAM = N8Y57DTNM3;
				GENERATE_INFOPLIST_FILE = YES;
				IPHONEOS_DEPLOYMENT_TARGET = 16.0;
				MARKETING_VERSION = 1.0;
				PRODUCT_BUNDLE_IDENTIFIER = china.FunLifeUITests;
				PRODUCT_NAME = "$(TARGET_NAME)";
				SWIFT_EMIT_LOC_STRINGS = NO;
				SWIFT_VERSION = 5.0;
				TARGETED_DEVICE_FAMILY = "1,2";
				TEST_TARGET_NAME = FunLife;
			};
			name = Debug;
		};
		B31D66752A79160D0015091B /* Release */ = {
			isa = XCBuildConfiguration;
			buildSettings = {
				ALWAYS_EMBED_SWIFT_STANDARD_LIBRARIES = YES;
				CODE_SIGN_STYLE = Automatic;
				CURRENT_PROJECT_VERSION = 1;
				DEVELOPMENT_TEAM = N8Y57DTNM3;
				GENERATE_INFOPLIST_FILE = YES;
				IPHONEOS_DEPLOYMENT_TARGET = 16.0;
				MARKETING_VERSION = 1.0;
				PRODUCT_BUNDLE_IDENTIFIER = china.FunLifeUITests;
				PRODUCT_NAME = "$(TARGET_NAME)";
				SWIFT_EMIT_LOC_STRINGS = NO;
				SWIFT_VERSION = 5.0;
				TARGETED_DEVICE_FAMILY = "1,2";
				TEST_TARGET_NAME = FunLife;
			};
			name = Release;
		};
/* End XCBuildConfiguration section */

/* Begin XCConfigurationList section */
		B31D663E2A79160B0015091B /* Build configuration list for PBXProject "FunLife" */ = {
			isa = XCConfigurationList;
			buildConfigurations = (
				B31D666B2A79160D0015091B /* Debug */,
				B31D666C2A79160D0015091B /* Release */,
			);
			defaultConfigurationIsVisible = 0;
			defaultConfigurationName = Release;
		};
		B31D666D2A79160D0015091B /* Build configuration list for PBXNativeTarget "FunLife" */ = {
			isa = XCConfigurationList;
			buildConfigurations = (
				B31D666E2A79160D0015091B /* Debug */,
				B31D666F2A79160D0015091B /* Release */,
			);
			defaultConfigurationIsVisible = 0;
			defaultConfigurationName = Release;
		};
		B31D66702A79160D0015091B /* Build configuration list for PBXNativeTarget "FunLifeTests" */ = {
			isa = XCConfigurationList;
			buildConfigurations = (
				B31D66712A79160D0015091B /* Debug */,
				B31D66722A79160D0015091B /* Release */,
			);
			defaultConfigurationIsVisible = 0;
			defaultConfigurationName = Release;
		};
		B31D66732A79160D0015091B /* Build configuration list for PBXNativeTarget "FunLifeUITests" */ = {
			isa = XCConfigurationList;
			buildConfigurations = (
				B31D66742A79160D0015091B /* Debug */,
				B31D66752A79160D0015091B /* Release */,
			);
			defaultConfigurationIsVisible = 0;
			defaultConfigurationName = Release;
		};
/* End XCConfigurationList section */
	};
	rootObject = B31D663B2A79160B0015091B /* Project object */;
}
